
Microsoft Visual Studio Solution File, Format Version 12.00
# Visual Studio Version 17
VisualStudioVersion = 17.5.002.0
MinimumVisualStudioVersion = 10.0.40219.1
Project("{9A19103F-16F7-4668-BE54-9A1E7A4F7556}") = "Epic-RPG API", "Epic-RPG API.csproj", "{5BE82375-9D9C-482A-8E96-3563AA2DCB2F}"
EndProject
Global
	GlobalSection(SolutionConfigurationPlatforms) = preSolution
		Debug|Any CPU = Debug|Any CPU
		Release|Any CPU = Release|Any CPU
	EndGlobalSection
	GlobalSection(ProjectConfigurationPlatforms) = postSolution
		{5BE82375-9D9C-482A-8E96-3563AA2DCB2F}.Debug|Any CPU.ActiveCfg = Debug|Any CPU
		{5BE82375-9D9C-482A-8E96-3563AA2DCB2F}.Debug|Any CPU.Build.0 = Debug|Any CPU
		{5BE82375-9D9C-482A-8E96-3563AA2DCB2F}.Release|Any CPU.ActiveCfg = Release|Any CPU
		{5BE82375-9D9C-482A-8E96-3563AA2DCB2F}.Release|Any CPU.Build.0 = Release|Any CPU
	EndGlobalSection
	GlobalSection(SolutionProperties) = preSolution
		HideSolutionNode = FALSE
	EndGlobalSection
	GlobalSection(ExtensibilityGlobals) = postSolution
		SolutionGuid = {4AEF46E0-7789-449D-A5C4-56AC85D18EF5}
	EndGlobalSection
EndGlobal
